
Microsoft Visual Studio Solution File, Format Version 12.00
# Visual Studio 15
VisualStudioVersion = 15.0.27703.2047
MinimumVisualStudioVersion = 10.0.40219.1
Project("{FAE04EC0-301F-11D3-BF4B-00C04F79EFBC}") = "H_plus_sports", "H_plus_sports\H_plus_sports.csproj", "{CE3DA39B-DD92-4DAC-8626-75B03ECD3CF3}"
EndProject
Global
	GlobalSection(SolutionConfigurationPlatforms) = preSolution
		Debug|Any CPU = Debug|Any CPU
		Release|Any CPU = Release|Any CPU
	EndGlobalSection
	GlobalSection(ProjectConfigurationPlatforms) = postSolution
		{CE3DA39B-DD92-4DAC-8626-75B03ECD3CF3}.Debug|Any CPU.ActiveCfg = Debug|Any CPU
		{CE3DA39B-DD92-4DAC-8626-75B03ECD3CF3}.Debug|Any CPU.Build.0 = Debug|Any CPU
		{CE3DA39B-DD92-4DAC-8626-75B03ECD3CF3}.Release|Any CPU.ActiveCfg = Release|Any CPU
		{CE3DA39B-DD92-4DAC-8626-75B03ECD3CF3}.Release|Any CPU.Build.0 = Release|Any CPU
	EndGlobalSection
	GlobalSection(SolutionProperties) = preSolution
		HideSolutionNode = FALSE
	EndGlobalSection
	GlobalSection(ExtensibilityGlobals) = postSolution
		SolutionGuid = {5FAE6A14-658B-423F-8F59-8D1847F6A14B}
	EndGlobalSection
EndGlobal
